Microsoft Visual Studio Solution File, Format Version 12.00
# Visual Studio Version 17
VisualStudioVersion = 17.5.2.0
MinimumVisualStudioVersion = 10.0.40219.1
Project("{FAE04EC0-301F-11D3-BF4B-00C04F79EFBC}") = "SmartDigitalCloset", "SmartDigitalCloset.csproj", "{162C917B-21D5-350D-E3FE-370180E0EB73}"
EndProject
Global
	GlobalSection(SolutionConfigurationPlatforms) = preSolution
		Debug|Any CPU = Debug|Any CPU
		Release|Any CPU = Release|Any CPU
	EndGlobalSection
	GlobalSection(ProjectConfigurationPlatforms) = postSolution
		{162C917B-21D5-350D-E3FE-370180E0EB73}.Debug|Any CPU.ActiveCfg = Debug|Any CPU
		{162C917B-21D5-350D-E3FE-370180E0EB73}.Debug|Any CPU.Build.0 = Debug|Any CPU
		{162C917B-21D5-350D-E3FE-370180E0EB73}.Release|Any CPU.ActiveCfg = Release|Any CPU
		{162C917B-21D5-350D-E3FE-370180E0EB73}.Release|Any CPU.Build.0 = Release|Any CPU
	EndGlobalSection
	GlobalSection(SolutionProperties) = preSolution
		HideSolutionNode = FALSE
	EndGlobalSection
	GlobalSection(ExtensibilityGlobals) = postSolution
		SolutionGuid = {B71BD6E6-C2C6-4B56-A319-F55EB11EA605}
	EndGlobalSection
EndGlobal
